# Prisma Migrate lockfile v1

20200528230108-init
20200529185533-add-created-at
20200529190136-add-text-table
20200604165208-add-registration-ends-at-for-services
20200619122624-add-surname-to-visitor
20200707222159-add-additional-info-to-service
20200709230839-add-no-date-conflict-flag-to-service
20200710011151-add-additional-data-json-field-to-visitor
20200710021113-add-dynamic-field
